
Microsoft Visual Studio Solution File, Format Version 12.00
# Visual Studio Version 17
VisualStudioVersion = 17.7.34018.315
MinimumVisualStudioVersion = 10.0.40219.1
Project("{FAE04EC0-301F-11D3-BF4B-00C04F79EFBC}") = "DataNasabah", "DataNasabah\DataNasabah.csproj", "{BF0475BA-6C10-4056-8A31-F18519FA6730}"
EndProject
Global
	GlobalSection(SolutionConfigurationPlatforms) = preSolution
		Debug|Any CPU = Debug|Any CPU
		Release|Any CPU = Release|Any CPU
	EndGlobalSection
	GlobalSection(ProjectConfigurationPlatforms) = postSolution
		{BF0475BA-6C10-4056-8A31-F18519FA6730}.Debug|Any CPU.ActiveCfg = Debug|Any CPU
		{BF0475BA-6C10-4056-8A31-F18519FA6730}.Debug|Any CPU.Build.0 = Debug|Any CPU
		{BF0475BA-6C10-4056-8A31-F18519FA6730}.Release|Any CPU.ActiveCfg = Release|Any CPU
		{BF0475BA-6C10-4056-8A31-F18519FA6730}.Release|Any CPU.Build.0 = Release|Any CPU
	EndGlobalSection
	GlobalSection(SolutionProperties) = preSolution
		HideSolutionNode = FALSE
	EndGlobalSection
	GlobalSection(ExtensibilityGlobals) = postSolution
		SolutionGuid = {7E7A0029-CE48-4E5E-BADA-0625FDA6EBBE}
	EndGlobalSection
EndGlobal
